
Microsoft Visual Studio Solution File, Format Version 12.00
# Visual Studio 15
VisualStudioVersion = 15.0.27703.2042
MinimumVisualStudioVersion = 10.0.40219.1
Project("{FAE04EC0-301F-11D3-BF4B-00C04F79EFBC}") = "TestSubject", "TestSubject\TestSubject.csproj", "{E65BB916-E1F8-4244-A92F-E32947824952}"
EndProject
Global
	GlobalSection(SolutionConfigurationPlatforms) = preSolution
		Debug|Any CPU = Debug|Any CPU
		Release|Any CPU = Release|Any CPU
	EndGlobalSection
	GlobalSection(ProjectConfigurationPlatforms) = postSolution
		{E65BB916-E1F8-4244-A92F-E32947824952}.Debug|Any CPU.ActiveCfg = Debug|Any CPU
		{E65BB916-E1F8-4244-A92F-E32947824952}.Debug|Any CPU.Build.0 = Debug|Any CPU
		{E65BB916-E1F8-4244-A92F-E32947824952}.Release|Any CPU.ActiveCfg = Release|Any CPU
		{E65BB916-E1F8-4244-A92F-E32947824952}.Release|Any CPU.Build.0 = Release|Any CPU
	EndGlobalSection
	GlobalSection(SolutionProperties) = preSolution
		HideSolutionNode = FALSE
	EndGlobalSection
	GlobalSection(ExtensibilityGlobals) = postSolution
		SolutionGuid = {B9132E7E-26BF-4E29-88EA-9CA87513BC0E}
	EndGlobalSection
EndGlobal
